{
	"name": "c0-server",
	"version": "0.0.0",
	"lockfileVersion": 1,
	"requires": true,
	"dependencies": {
		"@types/moo": {
			"version": "0.4.2",
			"resolved": "https://registry.npmjs.org/@types/moo/-/moo-0.4.2.tgz",
			"integrity": "sha512-0hhe/9LwlSXdO3FV+eUQcwwS2Qn8xGNfy2jBF4ZE4XFXNAxvSI7y+zVXWyTB4+pKbgHRKt0YA6oFwYI9AAXjBA==",
			"dev": true
		},
		"@types/nearley": {
			"version": "2.11.0",
			"resolved": "https://registry.npmjs.org/@types/nearley/-/nearley-2.11.0.tgz",
			"integrity": "sha512-sW7qB59pz+AJCpiT3ivsMMsr/5stuCUf4IC22QfhYAMItBy3XSjyzCa/oRG+oTTzYnx5VuPtPNHN4fZ0QRnKDg==",
			"dev": true
		},
		"colors": {
			"version": "0.5.1",
			"resolved": "https://registry.npmjs.org/colors/-/colors-0.5.1.tgz",
			"integrity": "sha1-fQAj6usVTo7p/Oddy5I9DtFmd3Q="
		},
		"commander": {
			"version": "2.20.3",
			"resolved": "https://registry.npmjs.org/commander/-/commander-2.20.3.tgz",
			"integrity": "sha512-GpVkmM8vF2vQUkj2LvZmD35JxeJOLCwJ9cUkugyk2nuhbv3+mJvpLYYt+0+USMxE+oj+ey/lJEnhZw75x/OMcQ=="
		},
		"connect": {
			"version": "1.8.5",
			"resolved": "https://registry.npmjs.org/connect/-/connect-1.8.5.tgz",
			"integrity": "sha1-5+w1plmNlrbC2tq4FxUrQGs12Uk=",
			"requires": {
				"formidable": "1.0.x",
				"mime": ">= 0.0.1",
				"qs": ">= 0.4.0"
			}
		},
		"discontinuous-range": {
			"version": "1.0.0",
			"resolved": "https://registry.npmjs.org/discontinuous-range/-/discontinuous-range-1.0.0.tgz",
			"integrity": "sha1-44Mx8IRLukm5qctxx3FYWqsbxlo="
		},
		"foounit": {
			"version": "0.1.2",
			"resolved": "https://registry.npmjs.org/foounit/-/foounit-0.1.2.tgz",
			"integrity": "sha1-cdWM2nihoFOBnm4zD8dX1UhZADw=",
			"requires": {
				"connect": "=1.8.5",
				"fsh": "=0.0.2",
				"nomnom": "=1.5.1",
				"underscore": "^1.9.1"
			}
		},
		"formidable": {
			"version": "1.0.16",
			"resolved": "https://registry.npmjs.org/formidable/-/formidable-1.0.16.tgz",
			"integrity": "sha1-SRbP38TL7QILJXpqlQWpqzjCzQ4="
		},
		"fsh": {
			"version": "0.0.2",
			"resolved": "https://registry.npmjs.org/fsh/-/fsh-0.0.2.tgz",
			"integrity": "sha1-VJ/DuDQJ3tljX0QkisfFBuppXM8="
		},
		"mime": {
			"version": "2.4.4",
			"resolved": "https://registry.npmjs.org/mime/-/mime-2.4.4.tgz",
			"integrity": "sha512-LRxmNwziLPT828z+4YkNzloCFC2YM4wrB99k+AV5ZbEyfGNWfG8SO1FUXLmLDBSo89NrJZ4DIWeLjy1CHGhMGA=="
		},
		"moo": {
			"version": "0.4.3",
			"resolved": "https://registry.npmjs.org/moo/-/moo-0.4.3.tgz",
			"integrity": "sha512-gFD2xGCl8YFgGHsqJ9NKRVdwlioeW3mI1iqfLNYQOv0+6JRwG58Zk9DIGQgyIaffSYaO1xsKnMaYzzNr1KyIAw=="
		},
		"nearley": {
			"version": "2.19.0",
			"resolved": "https://registry.npmjs.org/nearley/-/nearley-2.19.0.tgz",
			"integrity": "sha512-2v52FTw7RPqieZr3Gth1luAXZR7Je6q3KaDHY5bjl/paDUdMu35fZ8ICNgiYJRr3tf3NMvIQQR1r27AvEr9CRA==",
			"requires": {
				"commander": "^2.19.0",
				"moo": "^0.4.3",
				"railroad-diagrams": "^1.0.0",
				"randexp": "0.4.6",
				"semver": "^5.4.1"
			}
		},
		"nomnom": {
			"version": "1.5.1",
			"resolved": "https://registry.npmjs.org/nomnom/-/nomnom-1.5.1.tgz",
			"integrity": "sha1-KeFz66I+61NjxscH0mpLkp9zLz4=",
			"requires": {
				"colors": "0.5.x",
				"underscore": "1.1.x"
			},
			"dependencies": {
				"underscore": {
					"version": "1.1.7",
					"resolved": "https://registry.npmjs.org/underscore/-/underscore-1.1.7.tgz",
					"integrity": "sha1-QLq4S60Z0jAJbo1u9ii/8FXYPbA="
				}
			}
		},
		"qs": {
			"version": "6.9.1",
			"resolved": "https://registry.npmjs.org/qs/-/qs-6.9.1.tgz",
			"integrity": "sha512-Cxm7/SS/y/Z3MHWSxXb8lIFqgqBowP5JMlTUFyJN88y0SGQhVmZnqFK/PeuMX9LzUyWsqqhNxIyg0jlzq946yA=="
		},
		"railroad-diagrams": {
			"version": "1.0.0",
			"resolved": "https://registry.npmjs.org/railroad-diagrams/-/railroad-diagrams-1.0.0.tgz",
			"integrity": "sha1-635iZ1SN3t+4mcG5Dlc3RVnN234="
		},
		"randexp": {
			"version": "0.4.6",
			"resolved": "https://registry.npmjs.org/randexp/-/randexp-0.4.6.tgz",
			"integrity": "sha512-80WNmd9DA0tmZrw9qQa62GPPWfuXJknrmVmLcxvq4uZBdYqb1wYoKTmnlGUchvVWe0XiLupYkBoXVOxz3C8DYQ==",
			"requires": {
				"discontinuous-range": "1.0.0",
				"ret": "~0.1.10"
			}
		},
		"ret": {
			"version": "0.1.15",
			"resolved": "https://registry.npmjs.org/ret/-/ret-0.1.15.tgz",
			"integrity": "sha512-TTlYpa+OL+vMMNG24xSlQGEJ3B/RzEfUlLct7b5G/ytav+wPrplCpVMFuwzXbkecJrb6IYo1iFb0S9v37754mg=="
		},
		"semver": {
			"version": "5.7.1",
			"resolved": "https://registry.npmjs.org/semver/-/semver-5.7.1.tgz",
			"integrity": "sha512-sauaDf/PZdVgrLTNYHRtpXa1iRiKcaebiKQ1BJdpQlWH2lCvexQdX55snPFyK7QzpudqbCI0qXFfOasHdyNDGQ=="
		},
		"triejs": {
			"version": "0.1.5",
			"resolved": "https://registry.npmjs.org/triejs/-/triejs-0.1.5.tgz",
			"integrity": "sha1-vgZmneF/3Ycu3/TvPGPlWSBiHvE=",
			"requires": {
				"foounit": "^0.1.2"
			}
		},
		"underscore": {
			"version": "1.9.1",
			"resolved": "https://registry.npmjs.org/underscore/-/underscore-1.9.1.tgz",
			"integrity": "sha512-5/4etnCkd9c8gwgowi5/om/mYO5ajCaOgdzj/oW+0eQV9WxKBDZw5+ycmKmeaTXjInS/W0BzpGLo2xR2aBwZdg=="
		},
		"vscode-jsonrpc": {
			"version": "4.0.0",
			"resolved": "https://registry.npmjs.org/vscode-jsonrpc/-/vscode-jsonrpc-4.0.0.tgz",
			"integrity": "sha512-perEnXQdQOJMTDFNv+UF3h1Y0z4iSiaN9jIlb0OqIYgosPCZGYh/MCUlkFtV2668PL69lRDO32hmvL2yiidUYg=="
		},
		"vscode-languageserver": {
			"version": "5.2.1",
			"resolved": "https://registry.npmjs.org/vscode-languageserver/-/vscode-languageserver-5.2.1.tgz",
			"integrity": "sha512-GuayqdKZqAwwaCUjDvMTAVRPJOp/SLON3mJ07eGsx/Iq9HjRymhKWztX41rISqDKhHVVyFM+IywICyZDla6U3A==",
			"requires": {
				"vscode-languageserver-protocol": "3.14.1",
				"vscode-uri": "^1.0.6"
			}
		},
		"vscode-languageserver-protocol": {
			"version": "3.14.1",
			"resolved": "https://registry.npmjs.org/vscode-languageserver-protocol/-/vscode-languageserver-protocol-3.14.1.tgz",
			"integrity": "sha512-IL66BLb2g20uIKog5Y2dQ0IiigW0XKrvmWiOvc0yXw80z3tMEzEnHjaGAb3ENuU7MnQqgnYJ1Cl2l9RvNgDi4g==",
			"requires": {
				"vscode-jsonrpc": "^4.0.0",
				"vscode-languageserver-types": "3.14.0"
			}
		},
		"vscode-languageserver-types": {
			"version": "3.14.0",
			"resolved": "https://registry.npmjs.org/vscode-languageserver-types/-/vscode-languageserver-types-3.14.0.tgz",
			"integrity": "sha512-lTmS6AlAlMHOvPQemVwo3CezxBp0sNB95KNPkqp3Nxd5VFEnuG1ByM0zlRWos0zjO3ZWtkvhal0COgiV1xIA4A=="
		},
		"vscode-uri": {
			"version": "1.0.8",
			"resolved": "https://registry.npmjs.org/vscode-uri/-/vscode-uri-1.0.8.tgz",
			"integrity": "sha512-obtSWTlbJ+a+TFRYGaUumtVwb+InIUVI0Lu0VBUAPmj2cU5JutEXg3xUE0c2J5Tcy7h2DEKVJBFi+Y9ZSFzzPQ=="
		}
	}
}
