{
	"name": "c0-server",
	"version": "0.0.0",
	"lockfileVersion": 2,
	"requires": true,
	"packages": {
		"": {
			"name": "c0-server",
			"version": "0.0.0",
			"dependencies": {
				"@types/glob": "^7.1.1",
				"glob": "^7.1.6",
				"moo": "^0.4.3",
				"nearley": "^2.15.1",
				"tar": "^6.1.11",
				"vscode-languageserver": "^5.2.1",
				"vscode-uri": "^2.1.1"
			},
			"devDependencies": {
				"@types/moo": "^0.4.2",
				"@types/nearley": "^2.11.0",
				"@types/node": "^13.1.6",
				"@types/tar": "^6.1.1"
			},
			"engines": {
				"node": "*"
			}
		},
		"node_modules/@types/events": {
			"version": "3.0.0",
			"resolved": "https://registry.npmjs.org/@types/events/-/events-3.0.0.tgz",
			"integrity": "sha512-EaObqwIvayI5a8dCzhFrjKzVwKLxjoG9T6Ppd5CEo07LRKfQ8Yokw54r5+Wq7FaBQ+yXRvQAYPrHwya1/UFt9g=="
		},
		"node_modules/@types/glob": {
			"version": "7.1.1",
			"resolved": "https://registry.npmjs.org/@types/glob/-/glob-7.1.1.tgz",
			"integrity": "sha512-1Bh06cbWJUHMC97acuD6UMG29nMt0Aqz1vF3guLfG+kHHJhy3AyohZFFxYk2f7Q1SQIrNwvncxAE0N/9s70F2w==",
			"dependencies": {
				"@types/events": "*",
				"@types/minimatch": "*",
				"@types/node": "*"
			}
		},
		"node_modules/@types/minimatch": {
			"version": "3.0.3",
			"resolved": "https://registry.npmjs.org/@types/minimatch/-/minimatch-3.0.3.tgz",
			"integrity": "sha512-tHq6qdbT9U1IRSGf14CL0pUlULksvY9OZ+5eEgl1N7t+OA3tGvNpxJCzuKQlsNgCVwbAs670L1vcVQi8j9HjnA=="
		},
		"node_modules/@types/minipass": {
			"version": "3.1.2",
			"resolved": "https://registry.npmjs.org/@types/minipass/-/minipass-3.1.2.tgz",
			"integrity": "sha512-foLGjgrJkUjLG/o2t2ymlZGEoBNBa/TfoUZ7oCTkOjP1T43UGBJspovJou/l3ZuHvye2ewR5cZNtp2zyWgILMA==",
			"dev": true,
			"dependencies": {
				"@types/node": "*"
			}
		},
		"node_modules/@types/moo": {
			"version": "0.4.2",
			"resolved": "https://registry.npmjs.org/@types/moo/-/moo-0.4.2.tgz",
			"integrity": "sha512-0hhe/9LwlSXdO3FV+eUQcwwS2Qn8xGNfy2jBF4ZE4XFXNAxvSI7y+zVXWyTB4+pKbgHRKt0YA6oFwYI9AAXjBA==",
			"dev": true
		},
		"node_modules/@types/nearley": {
			"version": "2.11.0",
			"resolved": "https://registry.npmjs.org/@types/nearley/-/nearley-2.11.0.tgz",
			"integrity": "sha512-sW7qB59pz+AJCpiT3ivsMMsr/5stuCUf4IC22QfhYAMItBy3XSjyzCa/oRG+oTTzYnx5VuPtPNHN4fZ0QRnKDg==",
			"dev": true
		},
		"node_modules/@types/node": {
			"version": "13.1.6",
			"resolved": "https://registry.npmjs.org/@types/node/-/node-13.1.6.tgz",
			"integrity": "sha512-Jg1F+bmxcpENHP23sVKkNuU3uaxPnsBMW0cLjleiikFKomJQbsn0Cqk2yDvQArqzZN6ABfBkZ0To7pQ8sLdWDg=="
		},
		"node_modules/@types/tar": {
			"version": "6.1.1",
			"resolved": "https://registry.npmjs.org/@types/tar/-/tar-6.1.1.tgz",
			"integrity": "sha512-8mto3YZfVpqB1CHMaYz1TUYIQfZFbh/QbEq5Hsn6D0ilCfqRVCdalmc89B7vi3jhl9UYIk+dWDABShNfOkv5HA==",
			"dev": true,
			"dependencies": {
				"@types/minipass": "*",
				"@types/node": "*"
			}
		},
		"node_modules/balanced-match": {
			"version": "1.0.0",
			"resolved": "https://registry.npmjs.org/balanced-match/-/balanced-match-1.0.0.tgz",
			"integrity": "sha1-ibTRmasr7kneFk6gK4nORi1xt2c="
		},
		"node_modules/brace-expansion": {
			"version": "1.1.11",
			"resolved": "https://registry.npmjs.org/brace-expansion/-/brace-expansion-1.1.11.tgz",
			"integrity": "sha512-iCuPHDFgrHX7H2vEI/5xpz07zSHB00TpugqhmYtVmMO6518mCuRMoOYFldEBl0g187ufozdaHgWKcYFb61qGiA==",
			"dependencies": {
				"balanced-match": "^1.0.0",
				"concat-map": "0.0.1"
			}
		},
		"node_modules/chownr": {
			"version": "2.0.0",
			"resolved": "https://registry.npmjs.org/chownr/-/chownr-2.0.0.tgz",
			"integrity": "sha512-bIomtDF5KGpdogkLd9VspvFzk9KfpyyGlS8YFVZl7TGPBHL5snIOnxeshwVgPteQ9b4Eydl+pVbIyE1DcvCWgQ==",
			"engines": {
				"node": ">=10"
			}
		},
		"node_modules/commander": {
			"version": "2.20.3",
			"resolved": "https://registry.npmjs.org/commander/-/commander-2.20.3.tgz",
			"integrity": "sha512-GpVkmM8vF2vQUkj2LvZmD35JxeJOLCwJ9cUkugyk2nuhbv3+mJvpLYYt+0+USMxE+oj+ey/lJEnhZw75x/OMcQ=="
		},
		"node_modules/concat-map": {
			"version": "0.0.1",
			"resolved": "https://registry.npmjs.org/concat-map/-/concat-map-0.0.1.tgz",
			"integrity": "sha1-2Klr13/Wjfd5OnMDajug1UBdR3s="
		},
		"node_modules/discontinuous-range": {
			"version": "1.0.0",
			"resolved": "https://registry.npmjs.org/discontinuous-range/-/discontinuous-range-1.0.0.tgz",
			"integrity": "sha1-44Mx8IRLukm5qctxx3FYWqsbxlo="
		},
		"node_modules/fs-minipass": {
			"version": "2.1.0",
			"resolved": "https://registry.npmjs.org/fs-minipass/-/fs-minipass-2.1.0.tgz",
			"integrity": "sha512-V/JgOLFCS+R6Vcq0slCuaeWEdNC3ouDlJMNIsacH2VtALiu9mV4LPrHc5cDl8k5aw6J8jwgWWpiTo5RYhmIzvg==",
			"dependencies": {
				"minipass": "^3.0.0"
			},
			"engines": {
				"node": ">= 8"
			}
		},
		"node_modules/fs.realpath": {
			"version": "1.0.0",
			"resolved": "https://registry.npmjs.org/fs.realpath/-/fs.realpath-1.0.0.tgz",
			"integrity": "sha1-FQStJSMVjKpA20onh8sBQRmU6k8="
		},
		"node_modules/glob": {
			"version": "7.1.6",
			"resolved": "https://registry.npmjs.org/glob/-/glob-7.1.6.tgz",
			"integrity": "sha512-LwaxwyZ72Lk7vZINtNNrywX0ZuLyStrdDtabefZKAY5ZGJhVtgdznluResxNmPitE0SAO+O26sWTHeKSI2wMBA==",
			"dependencies": {
				"fs.realpath": "^1.0.0",
				"inflight": "^1.0.4",
				"inherits": "2",
				"minimatch": "^3.0.4",
				"once": "^1.3.0",
				"path-is-absolute": "^1.0.0"
			},
			"engines": {
				"node": "*"
			},
			"funding": {
				"url": "https://github.com/sponsors/isaacs"
			}
		},
		"node_modules/inflight": {
			"version": "1.0.6",
			"resolved": "https://registry.npmjs.org/inflight/-/inflight-1.0.6.tgz",
			"integrity": "sha1-Sb1jMdfQLQwJvJEKEHW6gWW1bfk=",
			"dependencies": {
				"once": "^1.3.0",
				"wrappy": "1"
			}
		},
		"node_modules/inherits": {
			"version": "2.0.4",
			"resolved": "https://registry.npmjs.org/inherits/-/inherits-2.0.4.tgz",
			"integrity": "sha512-k/vGaX4/Yla3WzyMCvTQOXYeIHvqOKtnqBduzTHpzpQZzAskKMhZ2K+EnBiSM9zGSoIFeMpXKxa4dYeZIQqewQ=="
		},
		"node_modules/minimatch": {
			"version": "3.1.2",
			"resolved": "https://registry.npmjs.org/minimatch/-/minimatch-3.1.2.tgz",
			"integrity": "sha512-J7p63hRiAjw1NDEww1W7i37+ByIrOWO5XQQAzZ3VOcL0PNybwpfmV/N05zFAzwQ9USyEcX6t3UO+K5aqBQOIHw==",
			"dependencies": {
				"brace-expansion": "^1.1.7"
			},
			"engines": {
				"node": "*"
			}
		},
		"node_modules/minipass": {
			"version": "3.1.6",
			"resolved": "https://registry.npmjs.org/minipass/-/minipass-3.1.6.tgz",
			"integrity": "sha512-rty5kpw9/z8SX9dmxblFA6edItUmwJgMeYDZRrwlIVN27i8gysGbznJwUggw2V/FVqFSDdWy040ZPS811DYAqQ==",
			"dependencies": {
				"yallist": "^4.0.0"
			},
			"engines": {
				"node": ">=8"
			}
		},
		"node_modules/minizlib": {
			"version": "2.1.2",
			"resolved": "https://registry.npmjs.org/minizlib/-/minizlib-2.1.2.tgz",
			"integrity": "sha512-bAxsR8BVfj60DWXHE3u30oHzfl4G7khkSuPW+qvpd7jFRHm7dLxOjUk1EHACJ/hxLY8phGJ0YhYHZo7jil7Qdg==",
			"dependencies": {
				"minipass": "^3.0.0",
				"yallist": "^4.0.0"
			},
			"engines": {
				"node": ">= 8"
			}
		},
		"node_modules/mkdirp": {
			"version": "1.0.4",
			"resolved": "https://registry.npmjs.org/mkdirp/-/mkdirp-1.0.4.tgz",
			"integrity": "sha512-vVqVZQyf3WLx2Shd0qJ9xuvqgAyKPLAiqITEtqW0oIUjzo3PePDd6fW9iFz30ef7Ysp/oiWqbhszeGWW2T6Gzw==",
			"bin": {
				"mkdirp": "bin/cmd.js"
			},
			"engines": {
				"node": ">=10"
			}
		},
		"node_modules/moo": {
			"version": "0.4.3",
			"resolved": "https://registry.npmjs.org/moo/-/moo-0.4.3.tgz",
			"integrity": "sha512-gFD2xGCl8YFgGHsqJ9NKRVdwlioeW3mI1iqfLNYQOv0+6JRwG58Zk9DIGQgyIaffSYaO1xsKnMaYzzNr1KyIAw=="
		},
		"node_modules/nearley": {
			"version": "2.19.0",
			"resolved": "https://registry.npmjs.org/nearley/-/nearley-2.19.0.tgz",
			"integrity": "sha512-2v52FTw7RPqieZr3Gth1luAXZR7Je6q3KaDHY5bjl/paDUdMu35fZ8ICNgiYJRr3tf3NMvIQQR1r27AvEr9CRA==",
			"dependencies": {
				"commander": "^2.19.0",
				"moo": "^0.4.3",
				"railroad-diagrams": "^1.0.0",
				"randexp": "0.4.6",
				"semver": "^5.4.1"
			},
			"bin": {
				"nearley-railroad": "bin/nearley-railroad.js",
				"nearley-test": "bin/nearley-test.js",
				"nearley-unparse": "bin/nearley-unparse.js",
				"nearleyc": "bin/nearleyc.js"
			}
		},
		"node_modules/once": {
			"version": "1.4.0",
			"resolved": "https://registry.npmjs.org/once/-/once-1.4.0.tgz",
			"integrity": "sha1-WDsap3WWHUsROsF9nFC6753Xa9E=",
			"dependencies": {
				"wrappy": "1"
			}
		},
		"node_modules/path-is-absolute": {
			"version": "1.0.1",
			"resolved": "https://registry.npmjs.org/path-is-absolute/-/path-is-absolute-1.0.1.tgz",
			"integrity": "sha1-F0uSaHNVNP+8es5r9TpanhtcX18=",
			"engines": {
				"node": ">=0.10.0"
			}
		},
		"node_modules/railroad-diagrams": {
			"version": "1.0.0",
			"resolved": "https://registry.npmjs.org/railroad-diagrams/-/railroad-diagrams-1.0.0.tgz",
			"integrity": "sha1-635iZ1SN3t+4mcG5Dlc3RVnN234="
		},
		"node_modules/randexp": {
			"version": "0.4.6",
			"resolved": "https://registry.npmjs.org/randexp/-/randexp-0.4.6.tgz",
			"integrity": "sha512-80WNmd9DA0tmZrw9qQa62GPPWfuXJknrmVmLcxvq4uZBdYqb1wYoKTmnlGUchvVWe0XiLupYkBoXVOxz3C8DYQ==",
			"dependencies": {
				"discontinuous-range": "1.0.0",
				"ret": "~0.1.10"
			},
			"engines": {
				"node": ">=0.12"
			}
		},
		"node_modules/ret": {
			"version": "0.1.15",
			"resolved": "https://registry.npmjs.org/ret/-/ret-0.1.15.tgz",
			"integrity": "sha512-TTlYpa+OL+vMMNG24xSlQGEJ3B/RzEfUlLct7b5G/ytav+wPrplCpVMFuwzXbkecJrb6IYo1iFb0S9v37754mg==",
			"engines": {
				"node": ">=0.12"
			}
		},
		"node_modules/semver": {
			"version": "5.7.1",
			"resolved": "https://registry.npmjs.org/semver/-/semver-5.7.1.tgz",
			"integrity": "sha512-sauaDf/PZdVgrLTNYHRtpXa1iRiKcaebiKQ1BJdpQlWH2lCvexQdX55snPFyK7QzpudqbCI0qXFfOasHdyNDGQ==",
			"bin": {
				"semver": "bin/semver"
			}
		},
		"node_modules/tar": {
			"version": "6.1.11",
			"resolved": "https://registry.npmjs.org/tar/-/tar-6.1.11.tgz",
			"integrity": "sha512-an/KZQzQUkZCkuoAA64hM92X0Urb6VpRhAFllDzz44U2mcD5scmT3zBc4VgVpkugF580+DQn8eAFSyoQt0tznA==",
			"dependencies": {
				"chownr": "^2.0.0",
				"fs-minipass": "^2.0.0",
				"minipass": "^3.0.0",
				"minizlib": "^2.1.1",
				"mkdirp": "^1.0.3",
				"yallist": "^4.0.0"
			},
			"engines": {
				"node": ">= 10"
			}
		},
		"node_modules/vscode-jsonrpc": {
			"version": "4.0.0",
			"resolved": "https://registry.npmjs.org/vscode-jsonrpc/-/vscode-jsonrpc-4.0.0.tgz",
			"integrity": "sha512-perEnXQdQOJMTDFNv+UF3h1Y0z4iSiaN9jIlb0OqIYgosPCZGYh/MCUlkFtV2668PL69lRDO32hmvL2yiidUYg==",
			"engines": {
				"node": ">=8.0.0 || >=10.0.0"
			}
		},
		"node_modules/vscode-languageserver": {
			"version": "5.2.1",
			"resolved": "https://registry.npmjs.org/vscode-languageserver/-/vscode-languageserver-5.2.1.tgz",
			"integrity": "sha512-GuayqdKZqAwwaCUjDvMTAVRPJOp/SLON3mJ07eGsx/Iq9HjRymhKWztX41rISqDKhHVVyFM+IywICyZDla6U3A==",
			"dependencies": {
				"vscode-languageserver-protocol": "3.14.1",
				"vscode-uri": "^1.0.6"
			},
			"bin": {
				"installServerIntoExtension": "bin/installServerIntoExtension"
			}
		},
		"node_modules/vscode-languageserver-protocol": {
			"version": "3.14.1",
			"resolved": "https://registry.npmjs.org/vscode-languageserver-protocol/-/vscode-languageserver-protocol-3.14.1.tgz",
			"integrity": "sha512-IL66BLb2g20uIKog5Y2dQ0IiigW0XKrvmWiOvc0yXw80z3tMEzEnHjaGAb3ENuU7MnQqgnYJ1Cl2l9RvNgDi4g==",
			"dependencies": {
				"vscode-jsonrpc": "^4.0.0",
				"vscode-languageserver-types": "3.14.0"
			}
		},
		"node_modules/vscode-languageserver-types": {
			"version": "3.14.0",
			"resolved": "https://registry.npmjs.org/vscode-languageserver-types/-/vscode-languageserver-types-3.14.0.tgz",
			"integrity": "sha512-lTmS6AlAlMHOvPQemVwo3CezxBp0sNB95KNPkqp3Nxd5VFEnuG1ByM0zlRWos0zjO3ZWtkvhal0COgiV1xIA4A=="
		},
		"node_modules/vscode-languageserver/node_modules/vscode-uri": {
			"version": "1.0.8",
			"resolved": "https://registry.npmjs.org/vscode-uri/-/vscode-uri-1.0.8.tgz",
			"integrity": "sha512-obtSWTlbJ+a+TFRYGaUumtVwb+InIUVI0Lu0VBUAPmj2cU5JutEXg3xUE0c2J5Tcy7h2DEKVJBFi+Y9ZSFzzPQ=="
		},
		"node_modules/vscode-uri": {
			"version": "2.1.1",
			"resolved": "https://registry.npmjs.org/vscode-uri/-/vscode-uri-2.1.1.tgz",
			"integrity": "sha512-eY9jmGoEnVf8VE8xr5znSah7Qt1P/xsCdErz+g8HYZtJ7bZqKH5E3d+6oVNm1AC/c6IHUDokbmVXKOi4qPAC9A=="
		},
		"node_modules/wrappy": {
			"version": "1.0.2",
			"resolved": "https://registry.npmjs.org/wrappy/-/wrappy-1.0.2.tgz",
			"integrity": "sha1-tSQ9jz7BqjXxNkYFvA0QNuMKtp8="
		},
		"node_modules/yallist": {
			"version": "4.0.0",
			"resolved": "https://registry.npmjs.org/yallist/-/yallist-4.0.0.tgz",
			"integrity": "sha512-3wdGidZyq5PB084XLES5TpOSRA3wjXAlIWMhum2kRcv/41Sn2emQ0dycQW4uZXLejwKvg6EsvbdlVL+FYEct7A=="
		}
	},
	"dependencies": {
		"@types/events": {
			"version": "3.0.0",
			"resolved": "https://registry.npmjs.org/@types/events/-/events-3.0.0.tgz",
			"integrity": "sha512-EaObqwIvayI5a8dCzhFrjKzVwKLxjoG9T6Ppd5CEo07LRKfQ8Yokw54r5+Wq7FaBQ+yXRvQAYPrHwya1/UFt9g=="
		},
		"@types/glob": {
			"version": "7.1.1",
			"resolved": "https://registry.npmjs.org/@types/glob/-/glob-7.1.1.tgz",
			"integrity": "sha512-1Bh06cbWJUHMC97acuD6UMG29nMt0Aqz1vF3guLfG+kHHJhy3AyohZFFxYk2f7Q1SQIrNwvncxAE0N/9s70F2w==",
			"requires": {
				"@types/events": "*",
				"@types/minimatch": "*",
				"@types/node": "*"
			}
		},
		"@types/minimatch": {
			"version": "3.0.3",
			"resolved": "https://registry.npmjs.org/@types/minimatch/-/minimatch-3.0.3.tgz",
			"integrity": "sha512-tHq6qdbT9U1IRSGf14CL0pUlULksvY9OZ+5eEgl1N7t+OA3tGvNpxJCzuKQlsNgCVwbAs670L1vcVQi8j9HjnA=="
		},
		"@types/minipass": {
			"version": "3.1.2",
			"resolved": "https://registry.npmjs.org/@types/minipass/-/minipass-3.1.2.tgz",
			"integrity": "sha512-foLGjgrJkUjLG/o2t2ymlZGEoBNBa/TfoUZ7oCTkOjP1T43UGBJspovJou/l3ZuHvye2ewR5cZNtp2zyWgILMA==",
			"dev": true,
			"requires": {
				"@types/node": "*"
			}
		},
		"@types/moo": {
			"version": "0.4.2",
			"resolved": "https://registry.npmjs.org/@types/moo/-/moo-0.4.2.tgz",
			"integrity": "sha512-0hhe/9LwlSXdO3FV+eUQcwwS2Qn8xGNfy2jBF4ZE4XFXNAxvSI7y+zVXWyTB4+pKbgHRKt0YA6oFwYI9AAXjBA==",
			"dev": true
		},
		"@types/nearley": {
			"version": "2.11.0",
			"resolved": "https://registry.npmjs.org/@types/nearley/-/nearley-2.11.0.tgz",
			"integrity": "sha512-sW7qB59pz+AJCpiT3ivsMMsr/5stuCUf4IC22QfhYAMItBy3XSjyzCa/oRG+oTTzYnx5VuPtPNHN4fZ0QRnKDg==",
			"dev": true
		},
		"@types/node": {
			"version": "13.1.6",
			"resolved": "https://registry.npmjs.org/@types/node/-/node-13.1.6.tgz",
			"integrity": "sha512-Jg1F+bmxcpENHP23sVKkNuU3uaxPnsBMW0cLjleiikFKomJQbsn0Cqk2yDvQArqzZN6ABfBkZ0To7pQ8sLdWDg=="
		},
		"@types/tar": {
			"version": "6.1.1",
			"resolved": "https://registry.npmjs.org/@types/tar/-/tar-6.1.1.tgz",
			"integrity": "sha512-8mto3YZfVpqB1CHMaYz1TUYIQfZFbh/QbEq5Hsn6D0ilCfqRVCdalmc89B7vi3jhl9UYIk+dWDABShNfOkv5HA==",
			"dev": true,
			"requires": {
				"@types/minipass": "*",
				"@types/node": "*"
			}
		},
		"balanced-match": {
			"version": "1.0.0",
			"resolved": "https://registry.npmjs.org/balanced-match/-/balanced-match-1.0.0.tgz",
			"integrity": "sha1-ibTRmasr7kneFk6gK4nORi1xt2c="
		},
		"brace-expansion": {
			"version": "1.1.11",
			"resolved": "https://registry.npmjs.org/brace-expansion/-/brace-expansion-1.1.11.tgz",
			"integrity": "sha512-iCuPHDFgrHX7H2vEI/5xpz07zSHB00TpugqhmYtVmMO6518mCuRMoOYFldEBl0g187ufozdaHgWKcYFb61qGiA==",
			"requires": {
				"balanced-match": "^1.0.0",
				"concat-map": "0.0.1"
			}
		},
		"chownr": {
			"version": "2.0.0",
			"resolved": "https://registry.npmjs.org/chownr/-/chownr-2.0.0.tgz",
			"integrity": "sha512-bIomtDF5KGpdogkLd9VspvFzk9KfpyyGlS8YFVZl7TGPBHL5snIOnxeshwVgPteQ9b4Eydl+pVbIyE1DcvCWgQ=="
		},
		"commander": {
			"version": "2.20.3",
			"resolved": "https://registry.npmjs.org/commander/-/commander-2.20.3.tgz",
			"integrity": "sha512-GpVkmM8vF2vQUkj2LvZmD35JxeJOLCwJ9cUkugyk2nuhbv3+mJvpLYYt+0+USMxE+oj+ey/lJEnhZw75x/OMcQ=="
		},
		"concat-map": {
			"version": "0.0.1",
			"resolved": "https://registry.npmjs.org/concat-map/-/concat-map-0.0.1.tgz",
			"integrity": "sha1-2Klr13/Wjfd5OnMDajug1UBdR3s="
		},
		"discontinuous-range": {
			"version": "1.0.0",
			"resolved": "https://registry.npmjs.org/discontinuous-range/-/discontinuous-range-1.0.0.tgz",
			"integrity": "sha1-44Mx8IRLukm5qctxx3FYWqsbxlo="
		},
		"fs-minipass": {
			"version": "2.1.0",
			"resolved": "https://registry.npmjs.org/fs-minipass/-/fs-minipass-2.1.0.tgz",
			"integrity": "sha512-V/JgOLFCS+R6Vcq0slCuaeWEdNC3ouDlJMNIsacH2VtALiu9mV4LPrHc5cDl8k5aw6J8jwgWWpiTo5RYhmIzvg==",
			"requires": {
				"minipass": "^3.0.0"
			}
		},
		"fs.realpath": {
			"version": "1.0.0",
			"resolved": "https://registry.npmjs.org/fs.realpath/-/fs.realpath-1.0.0.tgz",
			"integrity": "sha1-FQStJSMVjKpA20onh8sBQRmU6k8="
		},
		"glob": {
			"version": "7.1.6",
			"resolved": "https://registry.npmjs.org/glob/-/glob-7.1.6.tgz",
			"integrity": "sha512-LwaxwyZ72Lk7vZINtNNrywX0ZuLyStrdDtabefZKAY5ZGJhVtgdznluResxNmPitE0SAO+O26sWTHeKSI2wMBA==",
			"requires": {
				"fs.realpath": "^1.0.0",
				"inflight": "^1.0.4",
				"inherits": "2",
				"minimatch": "^3.0.4",
				"once": "^1.3.0",
				"path-is-absolute": "^1.0.0"
			}
		},
		"inflight": {
			"version": "1.0.6",
			"resolved": "https://registry.npmjs.org/inflight/-/inflight-1.0.6.tgz",
			"integrity": "sha1-Sb1jMdfQLQwJvJEKEHW6gWW1bfk=",
			"requires": {
				"once": "^1.3.0",
				"wrappy": "1"
			}
		},
		"inherits": {
			"version": "2.0.4",
			"resolved": "https://registry.npmjs.org/inherits/-/inherits-2.0.4.tgz",
			"integrity": "sha512-k/vGaX4/Yla3WzyMCvTQOXYeIHvqOKtnqBduzTHpzpQZzAskKMhZ2K+EnBiSM9zGSoIFeMpXKxa4dYeZIQqewQ=="
		},
		"minimatch": {
			"version": "3.1.2",
			"resolved": "https://registry.npmjs.org/minimatch/-/minimatch-3.1.2.tgz",
			"integrity": "sha512-J7p63hRiAjw1NDEww1W7i37+ByIrOWO5XQQAzZ3VOcL0PNybwpfmV/N05zFAzwQ9USyEcX6t3UO+K5aqBQOIHw==",
			"requires": {
				"brace-expansion": "^1.1.7"
			}
		},
		"minipass": {
			"version": "3.1.6",
			"resolved": "https://registry.npmjs.org/minipass/-/minipass-3.1.6.tgz",
			"integrity": "sha512-rty5kpw9/z8SX9dmxblFA6edItUmwJgMeYDZRrwlIVN27i8gysGbznJwUggw2V/FVqFSDdWy040ZPS811DYAqQ==",
			"requires": {
				"yallist": "^4.0.0"
			}
		},
		"minizlib": {
			"version": "2.1.2",
			"resolved": "https://registry.npmjs.org/minizlib/-/minizlib-2.1.2.tgz",
			"integrity": "sha512-bAxsR8BVfj60DWXHE3u30oHzfl4G7khkSuPW+qvpd7jFRHm7dLxOjUk1EHACJ/hxLY8phGJ0YhYHZo7jil7Qdg==",
			"requires": {
				"minipass": "^3.0.0",
				"yallist": "^4.0.0"
			}
		},
		"mkdirp": {
			"version": "1.0.4",
			"resolved": "https://registry.npmjs.org/mkdirp/-/mkdirp-1.0.4.tgz",
			"integrity": "sha512-vVqVZQyf3WLx2Shd0qJ9xuvqgAyKPLAiqITEtqW0oIUjzo3PePDd6fW9iFz30ef7Ysp/oiWqbhszeGWW2T6Gzw=="
		},
		"moo": {
			"version": "0.4.3",
			"resolved": "https://registry.npmjs.org/moo/-/moo-0.4.3.tgz",
			"integrity": "sha512-gFD2xGCl8YFgGHsqJ9NKRVdwlioeW3mI1iqfLNYQOv0+6JRwG58Zk9DIGQgyIaffSYaO1xsKnMaYzzNr1KyIAw=="
		},
		"nearley": {
			"version": "2.19.0",
			"resolved": "https://registry.npmjs.org/nearley/-/nearley-2.19.0.tgz",
			"integrity": "sha512-2v52FTw7RPqieZr3Gth1luAXZR7Je6q3KaDHY5bjl/paDUdMu35fZ8ICNgiYJRr3tf3NMvIQQR1r27AvEr9CRA==",
			"requires": {
				"commander": "^2.19.0",
				"moo": "^0.4.3",
				"railroad-diagrams": "^1.0.0",
				"randexp": "0.4.6",
				"semver": "^5.4.1"
			}
		},
		"once": {
			"version": "1.4.0",
			"resolved": "https://registry.npmjs.org/once/-/once-1.4.0.tgz",
			"integrity": "sha1-WDsap3WWHUsROsF9nFC6753Xa9E=",
			"requires": {
				"wrappy": "1"
			}
		},
		"path-is-absolute": {
			"version": "1.0.1",
			"resolved": "https://registry.npmjs.org/path-is-absolute/-/path-is-absolute-1.0.1.tgz",
			"integrity": "sha1-F0uSaHNVNP+8es5r9TpanhtcX18="
		},
		"railroad-diagrams": {
			"version": "1.0.0",
			"resolved": "https://registry.npmjs.org/railroad-diagrams/-/railroad-diagrams-1.0.0.tgz",
			"integrity": "sha1-635iZ1SN3t+4mcG5Dlc3RVnN234="
		},
		"randexp": {
			"version": "0.4.6",
			"resolved": "https://registry.npmjs.org/randexp/-/randexp-0.4.6.tgz",
			"integrity": "sha512-80WNmd9DA0tmZrw9qQa62GPPWfuXJknrmVmLcxvq4uZBdYqb1wYoKTmnlGUchvVWe0XiLupYkBoXVOxz3C8DYQ==",
			"requires": {
				"discontinuous-range": "1.0.0",
				"ret": "~0.1.10"
			}
		},
		"ret": {
			"version": "0.1.15",
			"resolved": "https://registry.npmjs.org/ret/-/ret-0.1.15.tgz",
			"integrity": "sha512-TTlYpa+OL+vMMNG24xSlQGEJ3B/RzEfUlLct7b5G/ytav+wPrplCpVMFuwzXbkecJrb6IYo1iFb0S9v37754mg=="
		},
		"semver": {
			"version": "5.7.1",
			"resolved": "https://registry.npmjs.org/semver/-/semver-5.7.1.tgz",
			"integrity": "sha512-sauaDf/PZdVgrLTNYHRtpXa1iRiKcaebiKQ1BJdpQlWH2lCvexQdX55snPFyK7QzpudqbCI0qXFfOasHdyNDGQ=="
		},
		"tar": {
			"version": "6.1.11",
			"resolved": "https://registry.npmjs.org/tar/-/tar-6.1.11.tgz",
			"integrity": "sha512-an/KZQzQUkZCkuoAA64hM92X0Urb6VpRhAFllDzz44U2mcD5scmT3zBc4VgVpkugF580+DQn8eAFSyoQt0tznA==",
			"requires": {
				"chownr": "^2.0.0",
				"fs-minipass": "^2.0.0",
				"minipass": "^3.0.0",
				"minizlib": "^2.1.1",
				"mkdirp": "^1.0.3",
				"yallist": "^4.0.0"
			}
		},
		"vscode-jsonrpc": {
			"version": "4.0.0",
			"resolved": "https://registry.npmjs.org/vscode-jsonrpc/-/vscode-jsonrpc-4.0.0.tgz",
			"integrity": "sha512-perEnXQdQOJMTDFNv+UF3h1Y0z4iSiaN9jIlb0OqIYgosPCZGYh/MCUlkFtV2668PL69lRDO32hmvL2yiidUYg=="
		},
		"vscode-languageserver": {
			"version": "5.2.1",
			"resolved": "https://registry.npmjs.org/vscode-languageserver/-/vscode-languageserver-5.2.1.tgz",
			"integrity": "sha512-GuayqdKZqAwwaCUjDvMTAVRPJOp/SLON3mJ07eGsx/Iq9HjRymhKWztX41rISqDKhHVVyFM+IywICyZDla6U3A==",
			"requires": {
				"vscode-languageserver-protocol": "3.14.1",
				"vscode-uri": "^1.0.6"
			},
			"dependencies": {
				"vscode-uri": {
					"version": "1.0.8",
					"resolved": "https://registry.npmjs.org/vscode-uri/-/vscode-uri-1.0.8.tgz",
					"integrity": "sha512-obtSWTlbJ+a+TFRYGaUumtVwb+InIUVI0Lu0VBUAPmj2cU5JutEXg3xUE0c2J5Tcy7h2DEKVJBFi+Y9ZSFzzPQ=="
				}
			}
		},
		"vscode-languageserver-protocol": {
			"version": "3.14.1",
			"resolved": "https://registry.npmjs.org/vscode-languageserver-protocol/-/vscode-languageserver-protocol-3.14.1.tgz",
			"integrity": "sha512-IL66BLb2g20uIKog5Y2dQ0IiigW0XKrvmWiOvc0yXw80z3tMEzEnHjaGAb3ENuU7MnQqgnYJ1Cl2l9RvNgDi4g==",
			"requires": {
				"vscode-jsonrpc": "^4.0.0",
				"vscode-languageserver-types": "3.14.0"
			}
		},
		"vscode-languageserver-types": {
			"version": "3.14.0",
			"resolved": "https://registry.npmjs.org/vscode-languageserver-types/-/vscode-languageserver-types-3.14.0.tgz",
			"integrity": "sha512-lTmS6AlAlMHOvPQemVwo3CezxBp0sNB95KNPkqp3Nxd5VFEnuG1ByM0zlRWos0zjO3ZWtkvhal0COgiV1xIA4A=="
		},
		"vscode-uri": {
			"version": "2.1.1",
			"resolved": "https://registry.npmjs.org/vscode-uri/-/vscode-uri-2.1.1.tgz",
			"integrity": "sha512-eY9jmGoEnVf8VE8xr5znSah7Qt1P/xsCdErz+g8HYZtJ7bZqKH5E3d+6oVNm1AC/c6IHUDokbmVXKOi4qPAC9A=="
		},
		"wrappy": {
			"version": "1.0.2",
			"resolved": "https://registry.npmjs.org/wrappy/-/wrappy-1.0.2.tgz",
			"integrity": "sha1-tSQ9jz7BqjXxNkYFvA0QNuMKtp8="
		},
		"yallist": {
			"version": "4.0.0",
			"resolved": "https://registry.npmjs.org/yallist/-/yallist-4.0.0.tgz",
			"integrity": "sha512-3wdGidZyq5PB084XLES5TpOSRA3wjXAlIWMhum2kRcv/41Sn2emQ0dycQW4uZXLejwKvg6EsvbdlVL+FYEct7A=="
		}
	}
}
